
Microsoft Visual Studio Solution File, Format Version 12.00
# Visual Studio Version 17
VisualStudioVersion = 17.8.34330.188
MinimumVisualStudioVersion = 10.0.40219.1
Project("{2150E333-8FDC-42A3-9474-1A3956D46DE8}") = "ObjectBinarySerializationTest", "ObjectBinarySerializationTest", "{49C052ED-5F1C-4834-8310-F0D425A354F7}"
EndProject
Project("{9A19103F-16F7-4668-BE54-9A1E7A4F7556}") = "SerializationTest", "ObjectBinarySerializationTest\SerializationTest\SerializationTest.csproj", "{849FB784-B220-4F6F-ADAE-15448873BFB1}"
EndProject
Project("{2150E333-8FDC-42A3-9474-1A3956D46DE8}") = "SocketTesting", "SocketTesting", "{CB845ECA-47B9-452D-A404-4DE8E835C2D9}"
EndProject
Project("{9A19103F-16F7-4668-BE54-9A1E7A4F7556}") = "SocketNetObject", "SocketTesting\SocketNetObject\SocketNetObject.csproj", "{C78C9212-0061-43D0-8A75-F70D53AA9912}"
EndProject
Project("{9A19103F-16F7-4668-BE54-9A1E7A4F7556}") = "SocketDto", "SocketTesting\SocketDto\SocketDto.csproj", "{0CC6BAFC-F920-4AB1-ADB1-D44380AEC17D}"
EndProject
Project("{9A19103F-16F7-4668-BE54-9A1E7A4F7556}") = "SocketDto.Test", "SocketTesting\SocketDto.Test\SocketDto.Test.csproj", "{9CCC071C-CADC-4C50-814D-5779726CFC5F}"
EndProject
Project("{9A19103F-16F7-4668-BE54-9A1E7A4F7556}") = "Messager", "SocketTesting\Messager\Messager.csproj", "{D7F7CC5F-C4D3-474C-80E9-4151E196E1C7}"
EndProject
Project("{FAE04EC0-301F-11D3-BF4B-00C04F79EFBC}") = "SocketTest.Client", "SocketTesting\SocketTest.Client\SocketTest.Client.csproj", "{04E8952A-83DF-4875-A7FC-AA4C57FE3085}"
EndProject
Project("{FAE04EC0-301F-11D3-BF4B-00C04F79EFBC}") = "SocketTest.Mvvm", "SocketTesting\SocketTest.Mvvm\SocketTest.Mvvm.csproj", "{818D189F-E939-463C-9D9E-2994BA3D81B2}"
EndProject
Project("{FAE04EC0-301F-11D3-BF4B-00C04F79EFBC}") = "SocketTest.Logger", "SocketTesting\SocketTest.Logger\SocketTest.Logger.csproj", "{D3FE26AA-F5FE-4536-AEAD-BCAA3B73C544}"
EndProject
Project("{FAE04EC0-301F-11D3-BF4B-00C04F79EFBC}") = "SocketTest.Common", "SocketTesting\SocketTest.Common\SocketTest.Common.csproj", "{2712809B-F599-4755-AEFF-4107C55DAF4A}"
EndProject
Project("{FAE04EC0-301F-11D3-BF4B-00C04F79EFBC}") = "SocketTest.LoggerView", "SocketTesting\SocketTest.LoggerView\SocketTest.LoggerView.csproj", "{B4FE201A-FD54-45C1-8B08-D4B410883CD0}"
EndProject
Project("{FAE04EC0-301F-11D3-BF4B-00C04F79EFBC}") = "SocketTest.Server", "SocketTesting\SocketTest.Server\SocketTest.Server.csproj", "{349503F8-DFF0-4FBF-9680-5ADAD4EFF733}"
EndProject
Global
	GlobalSection(SolutionConfigurationPlatforms) = preSolution
		Debug|Any CPU = Debug|Any CPU
		Release|Any CPU = Release|Any CPU
	EndGlobalSection
	GlobalSection(ProjectConfigurationPlatforms) = postSolution
		{849FB784-B220-4F6F-ADAE-15448873BFB1}.Debug|Any CPU.ActiveCfg = Debug|Any CPU
		{849FB784-B220-4F6F-ADAE-15448873BFB1}.Debug|Any CPU.Build.0 = Debug|Any CPU
		{849FB784-B220-4F6F-ADAE-15448873BFB1}.Release|Any CPU.ActiveCfg = Release|Any CPU
		{849FB784-B220-4F6F-ADAE-15448873BFB1}.Release|Any CPU.Build.0 = Release|Any CPU
		{C78C9212-0061-43D0-8A75-F70D53AA9912}.Debug|Any CPU.ActiveCfg = Debug|Any CPU
		{C78C9212-0061-43D0-8A75-F70D53AA9912}.Debug|Any CPU.Build.0 = Debug|Any CPU
		{C78C9212-0061-43D0-8A75-F70D53AA9912}.Release|Any CPU.ActiveCfg = Release|Any CPU
		{C78C9212-0061-43D0-8A75-F70D53AA9912}.Release|Any CPU.Build.0 = Release|Any CPU
		{0CC6BAFC-F920-4AB1-ADB1-D44380AEC17D}.Debug|Any CPU.ActiveCfg = Debug|Any CPU
		{0CC6BAFC-F920-4AB1-ADB1-D44380AEC17D}.Debug|Any CPU.Build.0 = Debug|Any CPU
		{0CC6BAFC-F920-4AB1-ADB1-D44380AEC17D}.Release|Any CPU.ActiveCfg = Release|Any CPU
		{0CC6BAFC-F920-4AB1-ADB1-D44380AEC17D}.Release|Any CPU.Build.0 = Release|Any CPU
		{9CCC071C-CADC-4C50-814D-5779726CFC5F}.Debug|Any CPU.ActiveCfg = Debug|Any CPU
		{9CCC071C-CADC-4C50-814D-5779726CFC5F}.Debug|Any CPU.Build.0 = Debug|Any CPU
		{9CCC071C-CADC-4C50-814D-5779726CFC5F}.Release|Any CPU.ActiveCfg = Release|Any CPU
		{9CCC071C-CADC-4C50-814D-5779726CFC5F}.Release|Any CPU.Build.0 = Release|Any CPU
		{D7F7CC5F-C4D3-474C-80E9-4151E196E1C7}.Debug|Any CPU.ActiveCfg = Debug|Any CPU
		{D7F7CC5F-C4D3-474C-80E9-4151E196E1C7}.Debug|Any CPU.Build.0 = Debug|Any CPU
		{D7F7CC5F-C4D3-474C-80E9-4151E196E1C7}.Release|Any CPU.ActiveCfg = Release|Any CPU
		{D7F7CC5F-C4D3-474C-80E9-4151E196E1C7}.Release|Any CPU.Build.0 = Release|Any CPU
		{04E8952A-83DF-4875-A7FC-AA4C57FE3085}.Debug|Any CPU.ActiveCfg = Debug|Any CPU
		{04E8952A-83DF-4875-A7FC-AA4C57FE3085}.Debug|Any CPU.Build.0 = Debug|Any CPU
		{04E8952A-83DF-4875-A7FC-AA4C57FE3085}.Release|Any CPU.ActiveCfg = Release|Any CPU
		{04E8952A-83DF-4875-A7FC-AA4C57FE3085}.Release|Any CPU.Build.0 = Release|Any CPU
		{818D189F-E939-463C-9D9E-2994BA3D81B2}.Debug|Any CPU.ActiveCfg = Debug|Any CPU
		{818D189F-E939-463C-9D9E-2994BA3D81B2}.Debug|Any CPU.Build.0 = Debug|Any CPU
		{818D189F-E939-463C-9D9E-2994BA3D81B2}.Release|Any CPU.ActiveCfg = Release|Any CPU
		{818D189F-E939-463C-9D9E-2994BA3D81B2}.Release|Any CPU.Build.0 = Release|Any CPU
		{D3FE26AA-F5FE-4536-AEAD-BCAA3B73C544}.Debug|Any CPU.ActiveCfg = Debug|Any CPU
		{D3FE26AA-F5FE-4536-AEAD-BCAA3B73C544}.Debug|Any CPU.Build.0 = Debug|Any CPU
		{D3FE26AA-F5FE-4536-AEAD-BCAA3B73C544}.Release|Any CPU.ActiveCfg = Release|Any CPU
		{D3FE26AA-F5FE-4536-AEAD-BCAA3B73C544}.Release|Any CPU.Build.0 = Release|Any CPU
		{2712809B-F599-4755-AEFF-4107C55DAF4A}.Debug|Any CPU.ActiveCfg = Debug|Any CPU
		{2712809B-F599-4755-AEFF-4107C55DAF4A}.Debug|Any CPU.Build.0 = Debug|Any CPU
		{2712809B-F599-4755-AEFF-4107C55DAF4A}.Release|Any CPU.ActiveCfg = Release|Any CPU
		{2712809B-F599-4755-AEFF-4107C55DAF4A}.Release|Any CPU.Build.0 = Release|Any CPU
		{B4FE201A-FD54-45C1-8B08-D4B410883CD0}.Debug|Any CPU.ActiveCfg = Debug|Any CPU
		{B4FE201A-FD54-45C1-8B08-D4B410883CD0}.Debug|Any CPU.Build.0 = Debug|Any CPU
		{B4FE201A-FD54-45C1-8B08-D4B410883CD0}.Release|Any CPU.ActiveCfg = Release|Any CPU
		{B4FE201A-FD54-45C1-8B08-D4B410883CD0}.Release|Any CPU.Build.0 = Release|Any CPU
		{349503F8-DFF0-4FBF-9680-5ADAD4EFF733}.Debug|Any CPU.ActiveCfg = Debug|Any CPU
		{349503F8-DFF0-4FBF-9680-5ADAD4EFF733}.Debug|Any CPU.Build.0 = Debug|Any CPU
		{349503F8-DFF0-4FBF-9680-5ADAD4EFF733}.Release|Any CPU.ActiveCfg = Release|Any CPU
		{349503F8-DFF0-4FBF-9680-5ADAD4EFF733}.Release|Any CPU.Build.0 = Release|Any CPU
	EndGlobalSection
	GlobalSection(SolutionProperties) = preSolution
		HideSolutionNode = FALSE
	EndGlobalSection
	GlobalSection(NestedProjects) = preSolution
		{849FB784-B220-4F6F-ADAE-15448873BFB1} = {49C052ED-5F1C-4834-8310-F0D425A354F7}
		{C78C9212-0061-43D0-8A75-F70D53AA9912} = {CB845ECA-47B9-452D-A404-4DE8E835C2D9}
		{0CC6BAFC-F920-4AB1-ADB1-D44380AEC17D} = {CB845ECA-47B9-452D-A404-4DE8E835C2D9}
		{9CCC071C-CADC-4C50-814D-5779726CFC5F} = {CB845ECA-47B9-452D-A404-4DE8E835C2D9}
		{D7F7CC5F-C4D3-474C-80E9-4151E196E1C7} = {CB845ECA-47B9-452D-A404-4DE8E835C2D9}
		{04E8952A-83DF-4875-A7FC-AA4C57FE3085} = {CB845ECA-47B9-452D-A404-4DE8E835C2D9}
		{818D189F-E939-463C-9D9E-2994BA3D81B2} = {CB845ECA-47B9-452D-A404-4DE8E835C2D9}
		{D3FE26AA-F5FE-4536-AEAD-BCAA3B73C544} = {CB845ECA-47B9-452D-A404-4DE8E835C2D9}
		{2712809B-F599-4755-AEFF-4107C55DAF4A} = {CB845ECA-47B9-452D-A404-4DE8E835C2D9}
		{B4FE201A-FD54-45C1-8B08-D4B410883CD0} = {CB845ECA-47B9-452D-A404-4DE8E835C2D9}
		{349503F8-DFF0-4FBF-9680-5ADAD4EFF733} = {CB845ECA-47B9-452D-A404-4DE8E835C2D9}
	EndGlobalSection
	GlobalSection(ExtensibilityGlobals) = postSolution
		SolutionGuid = {9799BEAD-32FD-45CD-9B68-124237176477}
	EndGlobalSection
EndGlobal
